// !$*UTF8*$!
{
	archiveVersion = 1;
	classes = {
	};
	objectVersion = 56;
	objects = {

/* Begin PBXBuildFile section */
		CD0AF78929D60D4D005C1044 /* EssentialAppApp.swift in Sources */ = {isa = PBXBuildFile; fileRef = CD0AF78829D60D4D005C1044 /* EssentialAppApp.swift */; };
		CD0AF78D29D60D4E005C1044 /* Assets.xcassets in Resources */ = {isa = PBXBuildFile; fileRef = CD0AF78C29D60D4E005C1044 /* Assets.xcassets */; };
		CD0AF79029D60D4E005C1044 /* Preview Assets.xcassets in Resources */ = {isa = PBXBuildFile; fileRef = CD0AF78F29D60D4E005C1044 /* Preview Assets.xcassets */; };
		CD0AF79229D60D4E005C1044 /* Persistence.swift in Sources */ = {isa = PBXBuildFile; fileRef = CD0AF79129D60D4E005C1044 /* Persistence.swift */; };
		CD0AF79529D60D4E005C1044 /* EssentialApp.xcdatamodeld in Sources */ = {isa = PBXBuildFile; fileRef = CD0AF79329D60D4E005C1044 /* EssentialApp.xcdatamodeld */; };
		CD0AF7A029D60D4E005C1044 /* EssentialAppTests.swift in Sources */ = {isa = PBXBuildFile; fileRef = CD0AF79F29D60D4E005C1044 /* EssentialAppTests.swift */; };
		CD0AF7AA29D60D4E005C1044 /* EssentialAppUITests.swift in Sources */ = {isa = PBXBuildFile; fileRef = CD0AF7A929D60D4E005C1044 /* EssentialAppUITests.swift */; };
		CD0AF7AC29D60D4E005C1044 /* EssentialAppUITestsLaunchTests.swift in Sources */ = {isa = PBXBuildFile; fileRef = CD0AF7AB29D60D4E005C1044 /* EssentialAppUITestsLaunchTests.swift */; };
		CD5756CE2A309D57007D5FEC /* OnboardingView.swift in Sources */ = {isa = PBXBuildFile; fileRef = CD5756CD2A309D57007D5FEC /* OnboardingView.swift */; };
		CD5756D12A30BCE9007D5FEC /* OpenAI in Frameworks */ = {isa = PBXBuildFile; productRef = CD5756D02A30BCE9007D5FEC /* OpenAI */; };
		CD5756D32A30BF9C007D5FEC /* OpenAI.swift in Sources */ = {isa = PBXBuildFile; fileRef = CD5756D22A30BF9C007D5FEC /* OpenAI.swift */; };
		CD5756D72A328979007D5FEC /* SettingsView.swift in Sources */ = {isa = PBXBuildFile; fileRef = CD5756D62A328979007D5FEC /* SettingsView.swift */; };
		CD987DF329FD969800CC223A /* LastFrameProcessor.swift in Sources */ = {isa = PBXBuildFile; fileRef = CD987DF229FD969800CC223A /* LastFrameProcessor.swift */; };
		CDA7DE7729D66E9F00A17272 /* ScreenRecorder.swift in Sources */ = {isa = PBXBuildFile; fileRef = CDA7DE7629D66E9F00A17272 /* ScreenRecorder.swift */; };
		CDA7DE7929D66EE800A17272 /* CaptureEngine.swift in Sources */ = {isa = PBXBuildFile; fileRef = CDA7DE7829D66EE800A17272 /* CaptureEngine.swift */; };
		CDA7DE7B29D66F1C00A17272 /* Note.swift in Sources */ = {isa = PBXBuildFile; fileRef = CDA7DE7A29D66F1C00A17272 /* Note.swift */; };
		CDA7DE7D29D66F4300A17272 /* Snippet.swift in Sources */ = {isa = PBXBuildFile; fileRef = CDA7DE7C29D66F4300A17272 /* Snippet.swift */; };
		CDA7DE7F29D66F5C00A17272 /* ScreenshotFrame.swift in Sources */ = {isa = PBXBuildFile; fileRef = CDA7DE7E29D66F5C00A17272 /* ScreenshotFrame.swift */; };
		CDA7DE8129D66F7400A17272 /* Compactor.swift in Sources */ = {isa = PBXBuildFile; fileRef = CDA7DE8029D66F7400A17272 /* Compactor.swift */; };
		CDA7DE8329D66F9300A17272 /* ImageAnalyzer.swift in Sources */ = {isa = PBXBuildFile; fileRef = CDA7DE8229D66F9300A17272 /* ImageAnalyzer.swift */; };
		CDA7DE8529D66FAA00A17272 /* SnippetContext.swift in Sources */ = {isa = PBXBuildFile; fileRef = CDA7DE8429D66FAA00A17272 /* SnippetContext.swift */; };
		CDA7DE8729D66FC000A17272 /* RecognizedText.swift in Sources */ = {isa = PBXBuildFile; fileRef = CDA7DE8629D66FC000A17272 /* RecognizedText.swift */; };
		CDA7DE8929D66FDB00A17272 /* AppTransitionsLinker.swift in Sources */ = {isa = PBXBuildFile; fileRef = CDA7DE8829D66FDB00A17272 /* AppTransitionsLinker.swift */; };
		CDA7DE8B29D66FF400A17272 /* RunningApplication.swift in Sources */ = {isa = PBXBuildFile; fileRef = CDA7DE8A29D66FF400A17272 /* RunningApplication.swift */; };
		CDA7DE8D29D6700800A17272 /* Helpers.swift in Sources */ = {isa = PBXBuildFile; fileRef = CDA7DE8C29D6700800A17272 /* Helpers.swift */; };
		CDA7DE8F29D6701B00A17272 /* PostProcessor.swift in Sources */ = {isa = PBXBuildFile; fileRef = CDA7DE8E29D6701B00A17272 /* PostProcessor.swift */; };
		CDA7DE9229D6748C00A17272 /* ContentView.swift in Sources */ = {isa = PBXBuildFile; fileRef = CDA7DE9129D6748C00A17272 /* ContentView.swift */; };
		CDA7DE9429D6803400A17272 /* SnippetView.swift in Sources */ = {isa = PBXBuildFile; fileRef = CDA7DE9329D6803400A17272 /* SnippetView.swift */; };
		CDA7DE9629D6804C00A17272 /* EditableSnippetView.swift in Sources */ = {isa = PBXBuildFile; fileRef = CDA7DE9529D6804C00A17272 /* EditableSnippetView.swift */; };
		CDA7DE9829D6807100A17272 /* ButtonStyle.swift in Sources */ = {isa = PBXBuildFile; fileRef = CDA7DE9729D6807100A17272 /* ButtonStyle.swift */; };
		CDD62AEC29D79E430067B973 /* Constants.swift in Sources */ = {isa = PBXBuildFile; fileRef = CDD62AEB29D79E430067B973 /* Constants.swift */; };
		CDDC9DA029F5A2350058BAFA /* ErrorMessageFixer.swift in Sources */ = {isa = PBXBuildFile; fileRef = CDDC9D9F29F5A2350058BAFA /* ErrorMessageFixer.swift */; };
/* End PBXBuildFile section */

/* Begin PBXContainerItemProxy section */
		CD0AF79C29D60D4E005C1044 /* PBXContainerItemProxy */ = {
			isa = PBXContainerItemProxy;
			containerPortal = CD0AF77D29D60D4D005C1044 /* Project object */;
			proxyType = 1;
			remoteGlobalIDString = CD0AF78429D60D4D005C1044;
			remoteInfo = EssentialApp;
		};
		CD0AF7A629D60D4E005C1044 /* PBXContainerItemProxy */ = {
			isa = PBXContainerItemProxy;
			containerPortal = CD0AF77D29D60D4D005C1044 /* Project object */;
			proxyType = 1;
			remoteGlobalIDString = CD0AF78429D60D4D005C1044;
			remoteInfo = EssentialApp;
		};
/* End PBXContainerItemProxy section */

/* Begin PBXFileReference section */
		CD0AF78529D60D4D005C1044 /* EssentialApp.app */ = {isa = PBXFileReference; explicitFileType = wrapper.application; includeInIndex = 0; path = EssentialApp.app; sourceTree = BUILT_PRODUCTS_DIR; };
		CD0AF78829D60D4D005C1044 /* EssentialAppApp.swift */ = {isa = PBXFileReference; lastKnownFileType = sourcecode.swift; path = EssentialAppApp.swift; sourceTree = "<group>"; };
		CD0AF78C29D60D4E005C1044 /* Assets.xcassets */ = {isa = PBXFileReference; lastKnownFileType = folder.assetcatalog; path = Assets.xcassets; sourceTree = "<group>"; };
		CD0AF78F29D60D4E005C1044 /* Preview Assets.xcassets */ = {isa = PBXFileReference; lastKnownFileType = folder.assetcatalog; path = "Preview Assets.xcassets"; sourceTree = "<group>"; };
		CD0AF79129D60D4E005C1044 /* Persistence.swift */ = {isa = PBXFileReference; lastKnownFileType = sourcecode.swift; path = Persistence.swift; sourceTree = "<group>"; };
		CD0AF79429D60D4E005C1044 /* EssentialApp.xcdatamodel */ = {isa = PBXFileReference; lastKnownFileType = wrapper.xcdatamodel; path = EssentialApp.xcdatamodel; sourceTree = "<group>"; };
		CD0AF79629D60D4E005C1044 /* EssentialApp.entitlements */ = {isa = PBXFileReference; lastKnownFileType = text.plist.entitlements; path = EssentialApp.entitlements; sourceTree = "<group>"; };
		CD0AF79B29D60D4E005C1044 /* EssentialAppTests.xctest */ = {isa = PBXFileReference; explicitFileType = wrapper.cfbundle; includeInIndex = 0; path = EssentialAppTests.xctest; sourceTree = BUILT_PRODUCTS_DIR; };
		CD0AF79F29D60D4E005C1044 /* EssentialAppTests.swift */ = {isa = PBXFileReference; lastKnownFileType = sourcecode.swift; path = EssentialAppTests.swift; sourceTree = "<group>"; };
		CD0AF7A529D60D4E005C1044 /* EssentialAppUITests.xctest */ = {isa = PBXFileReference; explicitFileType = wrapper.cfbundle; includeInIndex = 0; path = EssentialAppUITests.xctest; sourceTree = BUILT_PRODUCTS_DIR; };
		CD0AF7A929D60D4E005C1044 /* EssentialAppUITests.swift */ = {isa = PBXFileReference; lastKnownFileType = sourcecode.swift; path = EssentialAppUITests.swift; sourceTree = "<group>"; };
		CD0AF7AB29D60D4E005C1044 /* EssentialAppUITestsLaunchTests.swift */ = {isa = PBXFileReference; lastKnownFileType = sourcecode.swift; path = EssentialAppUITestsLaunchTests.swift; sourceTree = "<group>"; };
		CD5756CD2A309D57007D5FEC /* OnboardingView.swift */ = {isa = PBXFileReference; lastKnownFileType = sourcecode.swift; path = OnboardingView.swift; sourceTree = "<group>"; };
		CD5756D22A30BF9C007D5FEC /* OpenAI.swift */ = {isa = PBXFileReference; lastKnownFileType = sourcecode.swift; path = OpenAI.swift; sourceTree = "<group>"; };
		CD5756D62A328979007D5FEC /* SettingsView.swift */ = {isa = PBXFileReference; lastKnownFileType = sourcecode.swift; path = SettingsView.swift; sourceTree = "<group>"; };
		CD987DF229FD969800CC223A /* LastFrameProcessor.swift */ = {isa = PBXFileReference; lastKnownFileType = sourcecode.swift; path = LastFrameProcessor.swift; sourceTree = "<group>"; };
		CDA7DE7629D66E9F00A17272 /* ScreenRecorder.swift */ = {isa = PBXFileReference; lastKnownFileType = sourcecode.swift; path = ScreenRecorder.swift; sourceTree = "<group>"; };
		CDA7DE7829D66EE800A17272 /* CaptureEngine.swift */ = {isa = PBXFileReference; lastKnownFileType = sourcecode.swift; path = CaptureEngine.swift; sourceTree = "<group>"; };
		CDA7DE7A29D66F1C00A17272 /* Note.swift */ = {isa = PBXFileReference; lastKnownFileType = sourcecode.swift; path = Note.swift; sourceTree = "<group>"; };
		CDA7DE7C29D66F4300A17272 /* Snippet.swift */ = {isa = PBXFileReference; lastKnownFileType = sourcecode.swift; path = Snippet.swift; sourceTree = "<group>"; };
		CDA7DE7E29D66F5C00A17272 /* ScreenshotFrame.swift */ = {isa = PBXFileReference; lastKnownFileType = sourcecode.swift; path = ScreenshotFrame.swift; sourceTree = "<group>"; };
		CDA7DE8029D66F7400A17272 /* Compactor.swift */ = {isa = PBXFileReference; lastKnownFileType = sourcecode.swift; path = Compactor.swift; sourceTree = "<group>"; };
		CDA7DE8229D66F9300A17272 /* ImageAnalyzer.swift */ = {isa = PBXFileReference; lastKnownFileType = sourcecode.swift; path = ImageAnalyzer.swift; sourceTree = "<group>"; };
		CDA7DE8429D66FAA00A17272 /* SnippetContext.swift */ = {isa = PBXFileReference; lastKnownFileType = sourcecode.swift; path = SnippetContext.swift; sourceTree = "<group>"; };
		CDA7DE8629D66FC000A17272 /* RecognizedText.swift */ = {isa = PBXFileReference; lastKnownFileType = sourcecode.swift; path = RecognizedText.swift; sourceTree = "<group>"; };
		CDA7DE8829D66FDB00A17272 /* AppTransitionsLinker.swift */ = {isa = PBXFileReference; lastKnownFileType = sourcecode.swift; path = AppTransitionsLinker.swift; sourceTree = "<group>"; };
		CDA7DE8A29D66FF400A17272 /* RunningApplication.swift */ = {isa = PBXFileReference; lastKnownFileType = sourcecode.swift; path = RunningApplication.swift; sourceTree = "<group>"; };
		CDA7DE8C29D6700800A17272 /* Helpers.swift */ = {isa = PBXFileReference; lastKnownFileType = sourcecode.swift; path = Helpers.swift; sourceTree = "<group>"; };
		CDA7DE8E29D6701B00A17272 /* PostProcessor.swift */ = {isa = PBXFileReference; lastKnownFileType = sourcecode.swift; path = PostProcessor.swift; sourceTree = "<group>"; };
		CDA7DE9129D6748C00A17272 /* ContentView.swift */ = {isa = PBXFileReference; lastKnownFileType = sourcecode.swift; path = ContentView.swift; sourceTree = "<group>"; };
		CDA7DE9329D6803400A17272 /* SnippetView.swift */ = {isa = PBXFileReference; lastKnownFileType = sourcecode.swift; path = SnippetView.swift; sourceTree = "<group>"; };
		CDA7DE9529D6804C00A17272 /* EditableSnippetView.swift */ = {isa = PBXFileReference; lastKnownFileType = sourcecode.swift; path = EditableSnippetView.swift; sourceTree = "<group>"; };
		CDA7DE9729D6807100A17272 /* ButtonStyle.swift */ = {isa = PBXFileReference; lastKnownFileType = sourcecode.swift; path = ButtonStyle.swift; sourceTree = "<group>"; };
		CDD62AEB29D79E430067B973 /* Constants.swift */ = {isa = PBXFileReference; lastKnownFileType = sourcecode.swift; path = Constants.swift; sourceTree = "<group>"; };
		CDDC9D9F29F5A2350058BAFA /* ErrorMessageFixer.swift */ = {isa = PBXFileReference; lastKnownFileType = sourcecode.swift; path = ErrorMessageFixer.swift; sourceTree = "<group>"; };
/* End PBXFileReference section */

/* Begin PBXFrameworksBuildPhase section */
		CD0AF78229D60D4D005C1044 /* Frameworks */ = {
			isa = PBXFrameworksBuildPhase;
			buildActionMask = 2147483647;
			files = (
				CD5756D12A30BCE9007D5FEC /* OpenAI in Frameworks */,
			);
			runOnlyForDeploymentPostprocessing = 0;
		};
		CD0AF79829D60D4E005C1044 /* Frameworks */ = {
			isa = PBXFrameworksBuildPhase;
			buildActionMask = 2147483647;
			files = (
			);
			runOnlyForDeploymentPostprocessing = 0;
		};
		CD0AF7A229D60D4E005C1044 /* Frameworks */ = {
			isa = PBXFrameworksBuildPhase;
			buildActionMask = 2147483647;
			files = (
			);
			runOnlyForDeploymentPostprocessing = 0;
		};
/* End PBXFrameworksBuildPhase section */

/* Begin PBXGroup section */
		CD0AF77C29D60D4D005C1044 = {
			isa = PBXGroup;
			children = (
				CD0AF78729D60D4D005C1044 /* EssentialApp */,
				CD0AF79E29D60D4E005C1044 /* EssentialAppTests */,
				CD0AF7A829D60D4E005C1044 /* EssentialAppUITests */,
				CD0AF78629D60D4D005C1044 /* Products */,
			);
			sourceTree = "<group>";
		};
		CD0AF78629D60D4D005C1044 /* Products */ = {
			isa = PBXGroup;
			children = (
				CD0AF78529D60D4D005C1044 /* EssentialApp.app */,
				CD0AF79B29D60D4E005C1044 /* EssentialAppTests.xctest */,
				CD0AF7A529D60D4E005C1044 /* EssentialAppUITests.xctest */,
			);
			name = Products;
			sourceTree = "<group>";
		};
		CD0AF78729D60D4D005C1044 /* EssentialApp */ = {
			isa = PBXGroup;
			children = (
				CDA7DE9029D6746600A17272 /* View */,
				CD0AF78829D60D4D005C1044 /* EssentialAppApp.swift */,
				CD0AF78C29D60D4E005C1044 /* Assets.xcassets */,
				CD0AF79129D60D4E005C1044 /* Persistence.swift */,
				CD0AF79629D60D4E005C1044 /* EssentialApp.entitlements */,
				CD0AF79329D60D4E005C1044 /* EssentialApp.xcdatamodeld */,
				CD0AF78E29D60D4E005C1044 /* Preview Content */,
				CDA7DE7629D66E9F00A17272 /* ScreenRecorder.swift */,
				CDA7DE7829D66EE800A17272 /* CaptureEngine.swift */,
				CDA7DE7A29D66F1C00A17272 /* Note.swift */,
				CDA7DE7C29D66F4300A17272 /* Snippet.swift */,
				CDA7DE7E29D66F5C00A17272 /* ScreenshotFrame.swift */,
				CDA7DE8029D66F7400A17272 /* Compactor.swift */,
				CDA7DE8229D66F9300A17272 /* ImageAnalyzer.swift */,
				CDA7DE8429D66FAA00A17272 /* SnippetContext.swift */,
				CDA7DE8629D66FC000A17272 /* RecognizedText.swift */,
				CDA7DE8829D66FDB00A17272 /* AppTransitionsLinker.swift */,
				CDA7DE8A29D66FF400A17272 /* RunningApplication.swift */,
				CDA7DE8C29D6700800A17272 /* Helpers.swift */,
				CDA7DE8E29D6701B00A17272 /* PostProcessor.swift */,
				CDD62AEB29D79E430067B973 /* Constants.swift */,
				CDDC9D9F29F5A2350058BAFA /* ErrorMessageFixer.swift */,
				CD987DF229FD969800CC223A /* LastFrameProcessor.swift */,
				CD5756D22A30BF9C007D5FEC /* OpenAI.swift */,
			);
			path = EssentialApp;
			sourceTree = "<group>";
		};
		CD0AF78E29D60D4E005C1044 /* Preview Content */ = {
			isa = PBXGroup;
			children = (
				CD0AF78F29D60D4E005C1044 /* Preview Assets.xcassets */,
			);
			path = "Preview Content";
			sourceTree = "<group>";
		};
		CD0AF79E29D60D4E005C1044 /* EssentialAppTests */ = {
			isa = PBXGroup;
			children = (
				CD0AF79F29D60D4E005C1044 /* EssentialAppTests.swift */,
			);
			path = EssentialAppTests;
			sourceTree = "<group>";
		};
		CD0AF7A829D60D4E005C1044 /* EssentialAppUITests */ = {
			isa = PBXGroup;
			children = (
				CD0AF7A929D60D4E005C1044 /* EssentialAppUITests.swift */,
				CD0AF7AB29D60D4E005C1044 /* EssentialAppUITestsLaunchTests.swift */,
			);
			path = EssentialAppUITests;
			sourceTree = "<group>";
		};
		CDA7DE9029D6746600A17272 /* View */ = {
			isa = PBXGroup;
			children = (
				CDA7DE9129D6748C00A17272 /* ContentView.swift */,
				CDA7DE9329D6803400A17272 /* SnippetView.swift */,
				CDA7DE9529D6804C00A17272 /* EditableSnippetView.swift */,
				CDA7DE9729D6807100A17272 /* ButtonStyle.swift */,
				CD5756CD2A309D57007D5FEC /* OnboardingView.swift */,
				CD5756D62A328979007D5FEC /* SettingsView.swift */,
			);
			path = View;
			sourceTree = "<group>";
		};
/* End PBXGroup section */

/* Begin PBXNativeTarget section */
		CD0AF78429D60D4D005C1044 /* EssentialApp */ = {
			isa = PBXNativeTarget;
			buildConfigurationList = CD0AF7AF29D60D4E005C1044 /* Build configuration list for PBXNativeTarget "EssentialApp" */;
			buildPhases = (
				CD0AF78129D60D4D005C1044 /* Sources */,
				CD0AF78229D60D4D005C1044 /* Frameworks */,
				CD0AF78329D60D4D005C1044 /* Resources */,
			);
			buildRules = (
			);
			dependencies = (
			);
			name = EssentialApp;
			packageProductDependencies = (
				CD5756D02A30BCE9007D5FEC /* OpenAI */,
			);
			productName = EssentialApp;
			productReference = CD0AF78529D60D4D005C1044 /* EssentialApp.app */;
			productType = "com.apple.product-type.application";
		};
		CD0AF79A29D60D4E005C1044 /* EssentialAppTests */ = {
			isa = PBXNativeTarget;
			buildConfigurationList = CD0AF7B229D60D4E005C1044 /* Build configuration list for PBXNativeTarget "EssentialAppTests" */;
			buildPhases = (
				CD0AF79729D60D4E005C1044 /* Sources */,
				CD0AF79829D60D4E005C1044 /* Frameworks */,
				CD0AF79929D60D4E005C1044 /* Resources */,
			);
			buildRules = (
			);
			dependencies = (
				CD0AF79D29D60D4E005C1044 /* PBXTargetDependency */,
			);
			name = EssentialAppTests;
			productName = EssentialAppTests;
			productReference = CD0AF79B29D60D4E005C1044 /* EssentialAppTests.xctest */;
			productType = "com.apple.product-type.bundle.unit-test";
		};
		CD0AF7A429D60D4E005C1044 /* EssentialAppUITests */ = {
			isa = PBXNativeTarget;
			buildConfigurationList = CD0AF7B529D60D4E005C1044 /* Build configuration list for PBXNativeTarget "EssentialAppUITests" */;
			buildPhases = (
				CD0AF7A129D60D4E005C1044 /* Sources */,
				CD0AF7A229D60D4E005C1044 /* Frameworks */,
				CD0AF7A329D60D4E005C1044 /* Resources */,
			);
			buildRules = (
			);
			dependencies = (
				CD0AF7A729D60D4E005C1044 /* PBXTargetDependency */,
			);
			name = EssentialAppUITests;
			productName = EssentialAppUITests;
			productReference = CD0AF7A529D60D4E005C1044 /* EssentialAppUITests.xctest */;
			productType = "com.apple.product-type.bundle.ui-testing";
		};
/* End PBXNativeTarget section */

/* Begin PBXProject section */
		CD0AF77D29D60D4D005C1044 /* Project object */ = {
			isa = PBXProject;
			attributes = {
				BuildIndependentTargetsInParallel = 1;
				LastSwiftUpdateCheck = 1420;
				LastUpgradeCheck = 1420;
				TargetAttributes = {
					CD0AF78429D60D4D005C1044 = {
						CreatedOnToolsVersion = 14.2;
					};
					CD0AF79A29D60D4E005C1044 = {
						CreatedOnToolsVersion = 14.2;
						TestTargetID = CD0AF78429D60D4D005C1044;
					};
					CD0AF7A429D60D4E005C1044 = {
						CreatedOnToolsVersion = 14.2;
						TestTargetID = CD0AF78429D60D4D005C1044;
					};
				};
			};
			buildConfigurationList = CD0AF78029D60D4D005C1044 /* Build configuration list for PBXProject "EssentialApp" */;
			compatibilityVersion = "Xcode 14.0";
			developmentRegion = en;
			hasScannedForEncodings = 0;
			knownRegions = (
				en,
				Base,
			);
			mainGroup = CD0AF77C29D60D4D005C1044;
			packageReferences = (
				CD5756CF2A30BCE9007D5FEC /* XCRemoteSwiftPackageReference "OpenAI" */,
			);
			productRefGroup = CD0AF78629D60D4D005C1044 /* Products */;
			projectDirPath = "";
			projectRoot = "";
			targets = (
				CD0AF78429D60D4D005C1044 /* EssentialApp */,
				CD0AF79A29D60D4E005C1044 /* EssentialAppTests */,
				CD0AF7A429D60D4E005C1044 /* EssentialAppUITests */,
			);
		};
/* End PBXProject section */

/* Begin PBXResourcesBuildPhase section */
		CD0AF78329D60D4D005C1044 /* Resources */ = {
			isa = PBXResourcesBuildPhase;
			buildActionMask = 2147483647;
			files = (
				CD0AF79029D60D4E005C1044 /* Preview Assets.xcassets in Resources */,
				CD0AF78D29D60D4E005C1044 /* Assets.xcassets in Resources */,
			);
			runOnlyForDeploymentPostprocessing = 0;
		};
		CD0AF79929D60D4E005C1044 /* Resources */ = {
			isa = PBXResourcesBuildPhase;
			buildActionMask = 2147483647;
			files = (
			);
			runOnlyForDeploymentPostprocessing = 0;
		};
		CD0AF7A329D60D4E005C1044 /* Resources */ = {
			isa = PBXResourcesBuildPhase;
			buildActionMask = 2147483647;
			files = (
			);
			runOnlyForDeploymentPostprocessing = 0;
		};
/* End PBXResourcesBuildPhase section */

/* Begin PBXSourcesBuildPhase section */
		CD0AF78129D60D4D005C1044 /* Sources */ = {
			isa = PBXSourcesBuildPhase;
			buildActionMask = 2147483647;
			files = (
				CD0AF79229D60D4E005C1044 /* Persistence.swift in Sources */,
				CDA7DE7F29D66F5C00A17272 /* ScreenshotFrame.swift in Sources */,
				CDA7DE8929D66FDB00A17272 /* AppTransitionsLinker.swift in Sources */,
				CDA7DE8729D66FC000A17272 /* RecognizedText.swift in Sources */,
				CDA7DE8F29D6701B00A17272 /* PostProcessor.swift in Sources */,
				CDA7DE7D29D66F4300A17272 /* Snippet.swift in Sources */,
				CDA7DE8329D66F9300A17272 /* ImageAnalyzer.swift in Sources */,
				CDDC9DA029F5A2350058BAFA /* ErrorMessageFixer.swift in Sources */,
				CDA7DE9229D6748C00A17272 /* ContentView.swift in Sources */,
				CD5756D32A30BF9C007D5FEC /* OpenAI.swift in Sources */,
				CDA7DE8529D66FAA00A17272 /* SnippetContext.swift in Sources */,
				CD987DF329FD969800CC223A /* LastFrameProcessor.swift in Sources */,
				CDA7DE7729D66E9F00A17272 /* ScreenRecorder.swift in Sources */,
				CD5756CE2A309D57007D5FEC /* OnboardingView.swift in Sources */,
				CDA7DE8129D66F7400A17272 /* Compactor.swift in Sources */,
				CDD62AEC29D79E430067B973 /* Constants.swift in Sources */,
				CDA7DE7929D66EE800A17272 /* CaptureEngine.swift in Sources */,
				CDA7DE8B29D66FF400A17272 /* RunningApplication.swift in Sources */,
				CDA7DE9829D6807100A17272 /* ButtonStyle.swift in Sources */,
				CD0AF79529D60D4E005C1044 /* EssentialApp.xcdatamodeld in Sources */,
				CD0AF78929D60D4D005C1044 /* EssentialAppApp.swift in Sources */,
				CDA7DE8D29D6700800A17272 /* Helpers.swift in Sources */,
				CDA7DE9429D6803400A17272 /* SnippetView.swift in Sources */,
				CDA7DE7B29D66F1C00A17272 /* Note.swift in Sources */,
				CDA7DE9629D6804C00A17272 /* EditableSnippetView.swift in Sources */,
				CD5756D72A328979007D5FEC /* SettingsView.swift in Sources */,
			);
			runOnlyForDeploymentPostprocessing = 0;
		};
		CD0AF79729D60D4E005C1044 /* Sources */ = {
			isa = PBXSourcesBuildPhase;
			buildActionMask = 2147483647;
			files = (
				CD0AF7A029D60D4E005C1044 /* EssentialAppTests.swift in Sources */,
			);
			runOnlyForDeploymentPostprocessing = 0;
		};
		CD0AF7A129D60D4E005C1044 /* Sources */ = {
			isa = PBXSourcesBuildPhase;
			buildActionMask = 2147483647;
			files = (
				CD0AF7AA29D60D4E005C1044 /* EssentialAppUITests.swift in Sources */,
				CD0AF7AC29D60D4E005C1044 /* EssentialAppUITestsLaunchTests.swift in Sources */,
			);
			runOnlyForDeploymentPostprocessing = 0;
		};
/* End PBXSourcesBuildPhase section */

/* Begin PBXTargetDependency section */
		CD0AF79D29D60D4E005C1044 /* PBXTargetDependency */ = {
			isa = PBXTargetDependency;
			target = CD0AF78429D60D4D005C1044 /* EssentialApp */;
			targetProxy = CD0AF79C29D60D4E005C1044 /* PBXContainerItemProxy */;
		};
		CD0AF7A729D60D4E005C1044 /* PBXTargetDependency */ = {
			isa = PBXTargetDependency;
			target = CD0AF78429D60D4D005C1044 /* EssentialApp */;
			targetProxy = CD0AF7A629D60D4E005C1044 /* PBXContainerItemProxy */;
		};
/* End PBXTargetDependency section */

/* Begin XCBuildConfiguration section */
		CD0AF7AD29D60D4E005C1044 /* Debug */ = {
			isa = XCBuildConfiguration;
			buildSettings = {
				ALWAYS_SEARCH_USER_PATHS = NO;
				CLANG_ANALYZER_NONNULL = YES;
				CLANG_ANALYZER_NUMBER_OBJECT_CONVERSION = YES_AGGRESSIVE;
				CLANG_CXX_LANGUAGE_STANDARD = "gnu++20";
				CLANG_ENABLE_MODULES = YES;
				CLANG_ENABLE_OBJC_ARC = YES;
				CLANG_ENABLE_OBJC_WEAK = YES;
				CLANG_WARN_BLOCK_CAPTURE_AUTORELEASING = YES;
				CLANG_WARN_BOOL_CONVERSION = YES;
				CLANG_WARN_COMMA = YES;
				CLANG_WARN_CONSTANT_CONVERSION = YES;
				CLANG_WARN_DEPRECATED_OBJC_IMPLEMENTATIONS = YES;
				CLANG_WARN_DIRECT_OBJC_ISA_USAGE = YES_ERROR;
				CLANG_WARN_DOCUMENTATION_COMMENTS = YES;
				CLANG_WARN_EMPTY_BODY = YES;
				CLANG_WARN_ENUM_CONVERSION = YES;
				CLANG_WARN_INFINITE_RECURSION = YES;
				CLANG_WARN_INT_CONVERSION = YES;
				CLANG_WARN_NON_LITERAL_NULL_CONVERSION = YES;
				CLANG_WARN_OBJC_IMPLICIT_RETAIN_SELF = YES;
				CLANG_WARN_OBJC_LITERAL_CONVERSION = YES;
				CLANG_WARN_OBJC_ROOT_CLASS = YES_ERROR;
				CLANG_WARN_QUOTED_INCLUDE_IN_FRAMEWORK_HEADER = YES;
				CLANG_WARN_RANGE_LOOP_ANALYSIS = YES;
				CLANG_WARN_STRICT_PROTOTYPES = YES;
				CLANG_WARN_SUSPICIOUS_MOVE = YES;
				CLANG_WARN_UNGUARDED_AVAILABILITY = YES_AGGRESSIVE;
				CLANG_WARN_UNREACHABLE_CODE = YES;
				CLANG_WARN__DUPLICATE_METHOD_MATCH = YES;
				COPY_PHASE_STRIP = NO;
				DEBUG_INFORMATION_FORMAT = dwarf;
				ENABLE_STRICT_OBJC_MSGSEND = YES;
				ENABLE_TESTABILITY = YES;
				GCC_C_LANGUAGE_STANDARD = gnu11;
				GCC_DYNAMIC_NO_PIC = NO;
				GCC_NO_COMMON_BLOCKS = YES;
				GCC_OPTIMIZATION_LEVEL = 0;
				GCC_PREPROCESSOR_DEFINITIONS = (
					"DEBUG=1",
					"$(inherited)",
				);
				GCC_WARN_64_TO_32_BIT_CONVERSION = YES;
				GCC_WARN_ABOUT_RETURN_TYPE = YES_ERROR;
				GCC_WARN_UNDECLARED_SELECTOR = YES;
				GCC_WARN_UNINITIALIZED_AUTOS = YES_AGGRESSIVE;
				GCC_WARN_UNUSED_FUNCTION = YES;
				GCC_WARN_UNUSED_VARIABLE = YES;
				MACOSX_DEPLOYMENT_TARGET = 13.1;
				MTL_ENABLE_DEBUG_INFO = INCLUDE_SOURCE;
				MTL_FAST_MATH = YES;
				ONLY_ACTIVE_ARCH = YES;
				SDKROOT = macosx;
				SWIFT_ACTIVE_COMPILATION_CONDITIONS = DEBUG;
				SWIFT_OPTIMIZATION_LEVEL = "-Onone";
			};
			name = Debug;
		};
		CD0AF7AE29D60D4E005C1044 /* Release */ = {
			isa = XCBuildConfiguration;
			buildSettings = {
				ALWAYS_SEARCH_USER_PATHS = NO;
				CLANG_ANALYZER_NONNULL = YES;
				CLANG_ANALYZER_NUMBER_OBJECT_CONVERSION = YES_AGGRESSIVE;
				CLANG_CXX_LANGUAGE_STANDARD = "gnu++20";
				CLANG_ENABLE_MODULES = YES;
				CLANG_ENABLE_OBJC_ARC = YES;
				CLANG_ENABLE_OBJC_WEAK = YES;
				CLANG_WARN_BLOCK_CAPTURE_AUTORELEASING = YES;
				CLANG_WARN_BOOL_CONVERSION = YES;
				CLANG_WARN_COMMA = YES;
				CLANG_WARN_CONSTANT_CONVERSION = YES;
				CLANG_WARN_DEPRECATED_OBJC_IMPLEMENTATIONS = YES;
				CLANG_WARN_DIRECT_OBJC_ISA_USAGE = YES_ERROR;
				CLANG_WARN_DOCUMENTATION_COMMENTS = YES;
				CLANG_WARN_EMPTY_BODY = YES;
				CLANG_WARN_ENUM_CONVERSION = YES;
				CLANG_WARN_INFINITE_RECURSION = YES;
				CLANG_WARN_INT_CONVERSION = YES;
				CLANG_WARN_NON_LITERAL_NULL_CONVERSION = YES;
				CLANG_WARN_OBJC_IMPLICIT_RETAIN_SELF = YES;
				CLANG_WARN_OBJC_LITERAL_CONVERSION = YES;
				CLANG_WARN_OBJC_ROOT_CLASS = YES_ERROR;
				CLANG_WARN_QUOTED_INCLUDE_IN_FRAMEWORK_HEADER = YES;
				CLANG_WARN_RANGE_LOOP_ANALYSIS = YES;
				CLANG_WARN_STRICT_PROTOTYPES = YES;
				CLANG_WARN_SUSPICIOUS_MOVE = YES;
				CLANG_WARN_UNGUARDED_AVAILABILITY = YES_AGGRESSIVE;
				CLANG_WARN_UNREACHABLE_CODE = YES;
				CLANG_WARN__DUPLICATE_METHOD_MATCH = YES;
				COPY_PHASE_STRIP = NO;
				DEBUG_INFORMATION_FORMAT = "dwarf-with-dsym";
				ENABLE_NS_ASSERTIONS = NO;
				ENABLE_STRICT_OBJC_MSGSEND = YES;
				GCC_C_LANGUAGE_STANDARD = gnu11;
				GCC_NO_COMMON_BLOCKS = YES;
				GCC_WARN_64_TO_32_BIT_CONVERSION = YES;
				GCC_WARN_ABOUT_RETURN_TYPE = YES_ERROR;
				GCC_WARN_UNDECLARED_SELECTOR = YES;
				GCC_WARN_UNINITIALIZED_AUTOS = YES_AGGRESSIVE;
				GCC_WARN_UNUSED_FUNCTION = YES;
				GCC_WARN_UNUSED_VARIABLE = YES;
				MACOSX_DEPLOYMENT_TARGET = 13.1;
				MTL_ENABLE_DEBUG_INFO = NO;
				MTL_FAST_MATH = YES;
				SDKROOT = macosx;
				SWIFT_COMPILATION_MODE = wholemodule;
				SWIFT_OPTIMIZATION_LEVEL = "-O";
			};
			name = Release;
		};
		CD0AF7B029D60D4E005C1044 /* Debug */ = {
			isa = XCBuildConfiguration;
			buildSettings = {
				ASSETCATALOG_COMPILER_APPICON_NAME = AppIcon;
				ASSETCATALOG_COMPILER_GLOBAL_ACCENT_COLOR_NAME = AccentColor;
				CODE_SIGN_ENTITLEMENTS = EssentialApp/EssentialApp.entitlements;
				"CODE_SIGN_IDENTITY[sdk=macosx*]" = "Apple Development";
				CODE_SIGN_STYLE = Automatic;
				COMBINE_HIDPI_IMAGES = YES;
				CURRENT_PROJECT_VERSION = 1;
				DEVELOPMENT_ASSET_PATHS = "\"EssentialApp/Preview Content\"";
				DEVELOPMENT_TEAM = AGQ2F6R5KS;
				ENABLE_HARDENED_RUNTIME = YES;
				ENABLE_PREVIEWS = YES;
				GENERATE_INFOPLIST_FILE = YES;
				INFOPLIST_KEY_NSHumanReadableCopyright = "";
				LD_RUNPATH_SEARCH_PATHS = (
					"$(inherited)",
					"@executable_path/../Frameworks",
				);
				MARKETING_VERSION = 1.0;
				PRODUCT_BUNDLE_IDENTIFIER = com.essential.EssentialApp;
				PRODUCT_NAME = "$(TARGET_NAME)";
				SWIFT_EMIT_LOC_STRINGS = YES;
				SWIFT_VERSION = 5.0;
			};
			name = Debug;
		};
		CD0AF7B129D60D4E005C1044 /* Release */ = {
			isa = XCBuildConfiguration;
			buildSettings = {
				ASSETCATALOG_COMPILER_APPICON_NAME = AppIcon;
				ASSETCATALOG_COMPILER_GLOBAL_ACCENT_COLOR_NAME = AccentColor;
				CODE_SIGN_ENTITLEMENTS = EssentialApp/EssentialApp.entitlements;
				"CODE_SIGN_IDENTITY[sdk=macosx*]" = "Apple Development";
				CODE_SIGN_STYLE = Automatic;
				COMBINE_HIDPI_IMAGES = YES;
				CURRENT_PROJECT_VERSION = 1;
				DEVELOPMENT_ASSET_PATHS = "\"EssentialApp/Preview Content\"";
				DEVELOPMENT_TEAM = AGQ2F6R5KS;
				ENABLE_HARDENED_RUNTIME = YES;
				ENABLE_PREVIEWS = YES;
				GENERATE_INFOPLIST_FILE = YES;
				INFOPLIST_KEY_NSHumanReadableCopyright = "";
				LD_RUNPATH_SEARCH_PATHS = (
					"$(inherited)",
					"@executable_path/../Frameworks",
				);
				MARKETING_VERSION = 1.0;
				PRODUCT_BUNDLE_IDENTIFIER = com.essential.EssentialApp;
				PRODUCT_NAME = "$(TARGET_NAME)";
				SWIFT_EMIT_LOC_STRINGS = YES;
				SWIFT_VERSION = 5.0;
			};
			name = Release;
		};
		CD0AF7B329D60D4E005C1044 /* Debug */ = {
			isa = XCBuildConfiguration;
			buildSettings = {
				ALWAYS_EMBED_SWIFT_STANDARD_LIBRARIES = YES;
				BUNDLE_LOADER = "$(TEST_HOST)";
				CODE_SIGN_STYLE = Automatic;
				CURRENT_PROJECT_VERSION = 1;
				DEVELOPMENT_TEAM = AGQ2F6R5KS;
				GENERATE_INFOPLIST_FILE = YES;
				MACOSX_DEPLOYMENT_TARGET = 13.1;
				MARKETING_VERSION = 1.0;
				PRODUCT_BUNDLE_IDENTIFIER = com.essential.EssentialAppTests;
				PRODUCT_NAME = "$(TARGET_NAME)";
				SWIFT_EMIT_LOC_STRINGS = NO;
				SWIFT_VERSION = 5.0;
				TEST_HOST = "$(BUILT_PRODUCTS_DIR)/EssentialApp.app/$(BUNDLE_EXECUTABLE_FOLDER_PATH)/EssentialApp";
			};
			name = Debug;
		};
		CD0AF7B429D60D4E005C1044 /* Release */ = {
			isa = XCBuildConfiguration;
			buildSettings = {
				ALWAYS_EMBED_SWIFT_STANDARD_LIBRARIES = YES;
				BUNDLE_LOADER = "$(TEST_HOST)";
				CODE_SIGN_STYLE = Automatic;
				CURRENT_PROJECT_VERSION = 1;
				DEVELOPMENT_TEAM = AGQ2F6R5KS;
				GENERATE_INFOPLIST_FILE = YES;
				MACOSX_DEPLOYMENT_TARGET = 13.1;
				MARKETING_VERSION = 1.0;
				PRODUCT_BUNDLE_IDENTIFIER = com.essential.EssentialAppTests;
				PRODUCT_NAME = "$(TARGET_NAME)";
				SWIFT_EMIT_LOC_STRINGS = NO;
				SWIFT_VERSION = 5.0;
				TEST_HOST = "$(BUILT_PRODUCTS_DIR)/EssentialApp.app/$(BUNDLE_EXECUTABLE_FOLDER_PATH)/EssentialApp";
			};
			name = Release;
		};
		CD0AF7B629D60D4E005C1044 /* Debug */ = {
			isa = XCBuildConfiguration;
			buildSettings = {
				ALWAYS_EMBED_SWIFT_STANDARD_LIBRARIES = YES;
				CODE_SIGN_STYLE = Automatic;
				CURRENT_PROJECT_VERSION = 1;
				DEVELOPMENT_TEAM = AGQ2F6R5KS;
				GENERATE_INFOPLIST_FILE = YES;
				MARKETING_VERSION = 1.0;
				PRODUCT_BUNDLE_IDENTIFIER = com.essential.EssentialAppUITests;
				PRODUCT_NAME = "$(TARGET_NAME)";
				SWIFT_EMIT_LOC_STRINGS = NO;
				SWIFT_VERSION = 5.0;
				TEST_TARGET_NAME = EssentialApp;
			};
			name = Debug;
		};
		CD0AF7B729D60D4E005C1044 /* Release */ = {
			isa = XCBuildConfiguration;
			buildSettings = {
				ALWAYS_EMBED_SWIFT_STANDARD_LIBRARIES = YES;
				CODE_SIGN_STYLE = Automatic;
				CURRENT_PROJECT_VERSION = 1;
				DEVELOPMENT_TEAM = AGQ2F6R5KS;
				GENERATE_INFOPLIST_FILE = YES;
				MARKETING_VERSION = 1.0;
				PRODUCT_BUNDLE_IDENTIFIER = com.essential.EssentialAppUITests;
				PRODUCT_NAME = "$(TARGET_NAME)";
				SWIFT_EMIT_LOC_STRINGS = NO;
				SWIFT_VERSION = 5.0;
				TEST_TARGET_NAME = EssentialApp;
			};
			name = Release;
		};
/* End XCBuildConfiguration section */

/* Begin XCConfigurationList section */
		CD0AF78029D60D4D005C1044 /* Build configuration list for PBXProject "EssentialApp" */ = {
			isa = XCConfigurationList;
			buildConfigurations = (
				CD0AF7AD29D60D4E005C1044 /* Debug */,
				CD0AF7AE29D60D4E005C1044 /* Release */,
			);
			defaultConfigurationIsVisible = 0;
			defaultConfigurationName = Release;
		};
		CD0AF7AF29D60D4E005C1044 /* Build configuration list for PBXNativeTarget "EssentialApp" */ = {
			isa = XCConfigurationList;
			buildConfigurations = (
				CD0AF7B029D60D4E005C1044 /* Debug */,
				CD0AF7B129D60D4E005C1044 /* Release */,
			);
			defaultConfigurationIsVisible = 0;
			defaultConfigurationName = Release;
		};
		CD0AF7B229D60D4E005C1044 /* Build configuration list for PBXNativeTarget "EssentialAppTests" */ = {
			isa = XCConfigurationList;
			buildConfigurations = (
				CD0AF7B329D60D4E005C1044 /* Debug */,
				CD0AF7B429D60D4E005C1044 /* Release */,
			);
			defaultConfigurationIsVisible = 0;
			defaultConfigurationName = Release;
		};
		CD0AF7B529D60D4E005C1044 /* Build configuration list for PBXNativeTarget "EssentialAppUITests" */ = {
			isa = XCConfigurationList;
			buildConfigurations = (
				CD0AF7B629D60D4E005C1044 /* Debug */,
				CD0AF7B729D60D4E005C1044 /* Release */,
			);
			defaultConfigurationIsVisible = 0;
			defaultConfigurationName = Release;
		};
/* End XCConfigurationList section */

/* Begin XCRemoteSwiftPackageReference section */
		CD5756CF2A30BCE9007D5FEC /* XCRemoteSwiftPackageReference "OpenAI" */ = {
			isa = XCRemoteSwiftPackageReference;
			repositoryURL = "https://github.com/MacPaw/OpenAI.git";
			requirement = {
				kind = upToNextMajorVersion;
				minimumVersion = 0.2.1;
			};
		};
/* End XCRemoteSwiftPackageReference section */

/* Begin XCSwiftPackageProductDependency section */
		CD5756D02A30BCE9007D5FEC /* OpenAI */ = {
			isa = XCSwiftPackageProductDependency;
			package = CD5756CF2A30BCE9007D5FEC /* XCRemoteSwiftPackageReference "OpenAI" */;
			productName = OpenAI;
		};
/* End XCSwiftPackageProductDependency section */

/* Begin XCVersionGroup section */
		CD0AF79329D60D4E005C1044 /* EssentialApp.xcdatamodeld */ = {
			isa = XCVersionGroup;
			children = (
				CD0AF79429D60D4E005C1044 /* EssentialApp.xcdatamodel */,
			);
			currentVersion = CD0AF79429D60D4E005C1044 /* EssentialApp.xcdatamodel */;
			path = EssentialApp.xcdatamodeld;
			sourceTree = "<group>";
			versionGroupType = wrapper.xcdatamodel;
		};
/* End XCVersionGroup section */
	};
	rootObject = CD0AF77D29D60D4D005C1044 /* Project object */;
}
