// !$*UTF8*$!
{
	archiveVersion = 1;
	classes = {
	};
	objectVersion = 56;
	objects = {

/* Begin PBXBuildFile section */
		CD0AF78929D60D4D005C1044 /* EssentialAppApp.swift in Sources */ = {isa = PBXBuildFile; fileRef = CD0AF78829D60D4D005C1044 /* EssentialAppApp.swift */; };
		CD0AF78B29D60D4D005C1044 /* ContentView.swift in Sources */ = {isa = PBXBuildFile; fileRef = CD0AF78A29D60D4D005C1044 /* ContentView.swift */; };
		CD0AF78D29D60D4E005C1044 /* Assets.xcassets in Resources */ = {isa = PBXBuildFile; fileRef = CD0AF78C29D60D4E005C1044 /* Assets.xcassets */; };
		CD0AF79029D60D4E005C1044 /* Preview Assets.xcassets in Resources */ = {isa = PBXBuildFile; fileRef = CD0AF78F29D60D4E005C1044 /* Preview Assets.xcassets */; };
		CD0AF79229D60D4E005C1044 /* Persistence.swift in Sources */ = {isa = PBXBuildFile; fileRef = CD0AF79129D60D4E005C1044 /* Persistence.swift */; };
		CD0AF79529D60D4E005C1044 /* EssentialApp.xcdatamodeld in Sources */ = {isa = PBXBuildFile; fileRef = CD0AF79329D60D4E005C1044 /* EssentialApp.xcdatamodeld */; };
		CD0AF7A029D60D4E005C1044 /* EssentialAppTests.swift in Sources */ = {isa = PBXBuildFile; fileRef = CD0AF79F29D60D4E005C1044 /* EssentialAppTests.swift */; };
		CD0AF7AA29D60D4E005C1044 /* EssentialAppUITests.swift in Sources */ = {isa = PBXBuildFile; fileRef = CD0AF7A929D60D4E005C1044 /* EssentialAppUITests.swift */; };
		CD0AF7AC29D60D4E005C1044 /* EssentialAppUITestsLaunchTests.swift in Sources */ = {isa = PBXBuildFile; fileRef = CD0AF7AB29D60D4E005C1044 /* EssentialAppUITestsLaunchTests.swift */; };
/* End PBXBuildFile section */

/* Begin PBXContainerItemProxy section */
		CD0AF79C29D60D4E005C1044 /* PBXContainerItemProxy */ = {
			isa = PBXContainerItemProxy;
			containerPortal = CD0AF77D29D60D4D005C1044 /* Project object */;
			proxyType = 1;
			remoteGlobalIDString = CD0AF78429D60D4D005C1044;
			remoteInfo = EssentialApp;
		};
		CD0AF7A629D60D4E005C1044 /* PBXContainerItemProxy */ = {
			isa = PBXContainerItemProxy;
			containerPortal = CD0AF77D29D60D4D005C1044 /* Project object */;
			proxyType = 1;
			remoteGlobalIDString = CD0AF78429D60D4D005C1044;
			remoteInfo = EssentialApp;
		};
/* End PBXContainerItemProxy section */

/* Begin PBXFileReference section */
		CD0AF78529D60D4D005C1044 /* EssentialApp.app */ = {isa = PBXFileReference; explicitFileType = wrapper.application; includeInIndex = 0; path = EssentialApp.app; sourceTree = BUILT_PRODUCTS_DIR; };
		CD0AF78829D60D4D005C1044 /* EssentialAppApp.swift */ = {isa = PBXFileReference; lastKnownFileType = sourcecode.swift; path = EssentialAppApp.swift; sourceTree = "<group>"; };
		CD0AF78A29D60D4D005C1044 /* ContentView.swift */ = {isa = PBXFileReference; lastKnownFileType = sourcecode.swift; path = ContentView.swift; sourceTree = "<group>"; };
		CD0AF78C29D60D4E005C1044 /* Assets.xcassets */ = {isa = PBXFileReference; lastKnownFileType = folder.assetcatalog; path = Assets.xcassets; sourceTree = "<group>"; };
		CD0AF78F29D60D4E005C1044 /* Preview Assets.xcassets */ = {isa = PBXFileReference; lastKnownFileType = folder.assetcatalog; path = "Preview Assets.xcassets"; sourceTree = "<group>"; };
		CD0AF79129D60D4E005C1044 /* Persistence.swift */ = {isa = PBXFileReference; lastKnownFileType = sourcecode.swift; path = Persistence.swift; sourceTree = "<group>"; };
		CD0AF79429D60D4E005C1044 /* EssentialApp.xcdatamodel */ = {isa = PBXFileReference; lastKnownFileType = wrapper.xcdatamodel; path = EssentialApp.xcdatamodel; sourceTree = "<group>"; };
		CD0AF79629D60D4E005C1044 /* EssentialApp.entitlements */ = {isa = PBXFileReference; lastKnownFileType = text.plist.entitlements; path = EssentialApp.entitlements; sourceTree = "<group>"; };
		CD0AF79B29D60D4E005C1044 /* EssentialAppTests.xctest */ = {isa = PBXFileReference; explicitFileType = wrapper.cfbundle; includeInIndex = 0; path = EssentialAppTests.xctest; sourceTree = BUILT_PRODUCTS_DIR; };
		CD0AF79F29D60D4E005C1044 /* EssentialAppTests.swift */ = {isa = PBXFileReference; lastKnownFileType = sourcecode.swift; path = EssentialAppTests.swift; sourceTree = "<group>"; };
		CD0AF7A529D60D4E005C1044 /* EssentialAppUITests.xctest */ = {isa = PBXFileReference; explicitFileType = wrapper.cfbundle; includeInIndex = 0; path = EssentialAppUITests.xctest; sourceTree = BUILT_PRODUCTS_DIR; };
		CD0AF7A929D60D4E005C1044 /* EssentialAppUITests.swift */ = {isa = PBXFileReference; lastKnownFileType = sourcecode.swift; path = EssentialAppUITests.swift; sourceTree = "<group>"; };
		CD0AF7AB29D60D4E005C1044 /* EssentialAppUITestsLaunchTests.swift */ = {isa = PBXFileReference; lastKnownFileType = sourcecode.swift; path = EssentialAppUITestsLaunchTests.swift; sourceTree = "<group>"; };
/* End PBXFileReference section */

/* Begin PBXFrameworksBuildPhase section */
		CD0AF78229D60D4D005C1044 /* Frameworks */ = {
			isa = PBXFrameworksBuildPhase;
			buildActionMask = 2147483647;
			files = (
			);
			runOnlyForDeploymentPostprocessing = 0;
		};
		CD0AF79829D60D4E005C1044 /* Frameworks */ = {
			isa = PBXFrameworksBuildPhase;
			buildActionMask = 2147483647;
			files = (
			);
			runOnlyForDeploymentPostprocessing = 0;
		};
		CD0AF7A229D60D4E005C1044 /* Frameworks */ = {
			isa = PBXFrameworksBuildPhase;
			buildActionMask = 2147483647;
			files = (
			);
			runOnlyForDeploymentPostprocessing = 0;
		};
/* End PBXFrameworksBuildPhase section */

/* Begin PBXGroup section */
		CD0AF77C29D60D4D005C1044 = {
			isa = PBXGroup;
			children = (
				CD0AF78729D60D4D005C1044 /* EssentialApp */,
				CD0AF79E29D60D4E005C1044 /* EssentialAppTests */,
				CD0AF7A829D60D4E005C1044 /* EssentialAppUITests */,
				CD0AF78629D60D4D005C1044 /* Products */,
			);
			sourceTree = "<group>";
		};
		CD0AF78629D60D4D005C1044 /* Products */ = {
			isa = PBXGroup;
			children = (
				CD0AF78529D60D4D005C1044 /* EssentialApp.app */,
				CD0AF79B29D60D4E005C1044 /* EssentialAppTests.xctest */,
				CD0AF7A529D60D4E005C1044 /* EssentialAppUITests.xctest */,
			);
			name = Products;
			sourceTree = "<group>";
		};
		CD0AF78729D60D4D005C1044 /* EssentialApp */ = {
			isa = PBXGroup;
			children = (
				CD0AF78829D60D4D005C1044 /* EssentialAppApp.swift */,
				CD0AF78A29D60D4D005C1044 /* ContentView.swift */,
				CD0AF78C29D60D4E005C1044 /* Assets.xcassets */,
				CD0AF79129D60D4E005C1044 /* Persistence.swift */,
				CD0AF79629D60D4E005C1044 /* EssentialApp.entitlements */,
				CD0AF79329D60D4E005C1044 /* EssentialApp.xcdatamodeld */,
				CD0AF78E29D60D4E005C1044 /* Preview Content */,
			);
			path = EssentialApp;
			sourceTree = "<group>";
		};
		CD0AF78E29D60D4E005C1044 /* Preview Content */ = {
			isa = PBXGroup;
			children = (
				CD0AF78F29D60D4E005C1044 /* Preview Assets.xcassets */,
			);
			path = "Preview Content";
			sourceTree = "<group>";
		};
		CD0AF79E29D60D4E005C1044 /* EssentialAppTests */ = {
			isa = PBXGroup;
			children = (
				CD0AF79F29D60D4E005C1044 /* EssentialAppTests.swift */,
			);
			path = EssentialAppTests;
			sourceTree = "<group>";
		};
		CD0AF7A829D60D4E005C1044 /* EssentialAppUITests */ = {
			isa = PBXGroup;
			children = (
				CD0AF7A929D60D4E005C1044 /* EssentialAppUITests.swift */,
				CD0AF7AB29D60D4E005C1044 /* EssentialAppUITestsLaunchTests.swift */,
			);
			path = EssentialAppUITests;
			sourceTree = "<group>";
		};
/* End PBXGroup section */

/* Begin PBXNativeTarget section */
		CD0AF78429D60D4D005C1044 /* EssentialApp */ = {
			isa = PBXNativeTarget;
			buildConfigurationList = CD0AF7AF29D60D4E005C1044 /* Build configuration list for PBXNativeTarget "EssentialApp" */;
			buildPhases = (
				CD0AF78129D60D4D005C1044 /* Sources */,
				CD0AF78229D60D4D005C1044 /* Frameworks */,
				CD0AF78329D60D4D005C1044 /* Resources */,
			);
			buildRules = (
			);
			dependencies = (
			);
			name = EssentialApp;
			productName = EssentialApp;
			productReference = CD0AF78529D60D4D005C1044 /* EssentialApp.app */;
			productType = "com.apple.product-type.application";
		};
		CD0AF79A29D60D4E005C1044 /* EssentialAppTests */ = {
			isa = PBXNativeTarget;
			buildConfigurationList = CD0AF7B229D60D4E005C1044 /* Build configuration list for PBXNativeTarget "EssentialAppTests" */;
			buildPhases = (
				CD0AF79729D60D4E005C1044 /* Sources */,
				CD0AF79829D60D4E005C1044 /* Frameworks */,
				CD0AF79929D60D4E005C1044 /* Resources */,
			);
			buildRules = (
			);
			dependencies = (
				CD0AF79D29D60D4E005C1044 /* PBXTargetDependency */,
			);
			name = EssentialAppTests;
			productName = EssentialAppTests;
			productReference = CD0AF79B29D60D4E005C1044 /* EssentialAppTests.xctest */;
			productType = "com.apple.product-type.bundle.unit-test";
		};
		CD0AF7A429D60D4E005C1044 /* EssentialAppUITests */ = {
			isa = PBXNativeTarget;
			buildConfigurationList = CD0AF7B529D60D4E005C1044 /* Build configuration list for PBXNativeTarget "EssentialAppUITests" */;
			buildPhases = (
				CD0AF7A129D60D4E005C1044 /* Sources */,
				CD0AF7A229D60D4E005C1044 /* Frameworks */,
				CD0AF7A329D60D4E005C1044 /* Resources */,
			);
			buildRules = (
			);
			dependencies = (
				CD0AF7A729D60D4E005C1044 /* PBXTargetDependency */,
			);
			name = EssentialAppUITests;
			productName = EssentialAppUITests;
			productReference = CD0AF7A529D60D4E005C1044 /* EssentialAppUITests.xctest */;
			productType = "com.apple.product-type.bundle.ui-testing";
		};
/* End PBXNativeTarget section */

/* Begin PBXProject section */
		CD0AF77D29D60D4D005C1044 /* Project object */ = {
			isa = PBXProject;
			attributes = {
				BuildIndependentTargetsInParallel = 1;
				LastSwiftUpdateCheck = 1420;
				LastUpgradeCheck = 1420;
				TargetAttributes = {
					CD0AF78429D60D4D005C1044 = {
						CreatedOnToolsVersion = 14.2;
					};
					CD0AF79A29D60D4E005C1044 = {
						CreatedOnToolsVersion = 14.2;
						TestTargetID = CD0AF78429D60D4D005C1044;
					};
					CD0AF7A429D60D4E005C1044 = {
						CreatedOnToolsVersion = 14.2;
						TestTargetID = CD0AF78429D60D4D005C1044;
					};
				};
			};
			buildConfigurationList = CD0AF78029D60D4D005C1044 /* Build configuration list for PBXProject "EssentialApp" */;
			compatibilityVersion = "Xcode 14.0";
			developmentRegion = en;
			hasScannedForEncodings = 0;
			knownRegions = (
				en,
				Base,
			);
			mainGroup = CD0AF77C29D60D4D005C1044;
			productRefGroup = CD0AF78629D60D4D005C1044 /* Products */;
			projectDirPath = "";
			projectRoot = "";
			targets = (
				CD0AF78429D60D4D005C1044 /* EssentialApp */,
				CD0AF79A29D60D4E005C1044 /* EssentialAppTests */,
				CD0AF7A429D60D4E005C1044 /* EssentialAppUITests */,
			);
		};
/* End PBXProject section */

/* Begin PBXResourcesBuildPhase section */
		CD0AF78329D60D4D005C1044 /* Resources */ = {
			isa = PBXResourcesBuildPhase;
			buildActionMask = 2147483647;
			files = (
				CD0AF79029D60D4E005C1044 /* Preview Assets.xcassets in Resources */,
				CD0AF78D29D60D4E005C1044 /* Assets.xcassets in Resources */,
			);
			runOnlyForDeploymentPostprocessing = 0;
		};
		CD0AF79929D60D4E005C1044 /* Resources */ = {
			isa = PBXResourcesBuildPhase;
			buildActionMask = 2147483647;
			files = (
			);
			runOnlyForDeploymentPostprocessing = 0;
		};
		CD0AF7A329D60D4E005C1044 /* Resources */ = {
			isa = PBXResourcesBuildPhase;
			buildActionMask = 2147483647;
			files = (
			);
			runOnlyForDeploymentPostprocessing = 0;
		};
/* End PBXResourcesBuildPhase section */

/* Begin PBXSourcesBuildPhase section */
		CD0AF78129D60D4D005C1044 /* Sources */ = {
			isa = PBXSourcesBuildPhase;
			buildActionMask = 2147483647;
			files = (
				CD0AF79229D60D4E005C1044 /* Persistence.swift in Sources */,
				CD0AF78B29D60D4D005C1044 /* ContentView.swift in Sources */,
				CD0AF79529D60D4E005C1044 /* EssentialApp.xcdatamodeld in Sources */,
				CD0AF78929D60D4D005C1044 /* EssentialAppApp.swift in Sources */,
			);
			runOnlyForDeploymentPostprocessing = 0;
		};
		CD0AF79729D60D4E005C1044 /* Sources */ = {
			isa = PBXSourcesBuildPhase;
			buildActionMask = 2147483647;
			files = (
				CD0AF7A029D60D4E005C1044 /* EssentialAppTests.swift in Sources */,
			);
			runOnlyForDeploymentPostprocessing = 0;
		};
		CD0AF7A129D60D4E005C1044 /* Sources */ = {
			isa = PBXSourcesBuildPhase;
			buildActionMask = 2147483647;
			files = (
				CD0AF7AA29D60D4E005C1044 /* EssentialAppUITests.swift in Sources */,
				CD0AF7AC29D60D4E005C1044 /* EssentialAppUITestsLaunchTests.swift in Sources */,
			);
			runOnlyForDeploymentPostprocessing = 0;
		};
/* End PBXSourcesBuildPhase section */

/* Begin PBXTargetDependency section */
		CD0AF79D29D60D4E005C1044 /* PBXTargetDependency */ = {
			isa = PBXTargetDependency;
			target = CD0AF78429D60D4D005C1044 /* EssentialApp */;
			targetProxy = CD0AF79C29D60D4E005C1044 /* PBXContainerItemProxy */;
		};
		CD0AF7A729D60D4E005C1044 /* PBXTargetDependency */ = {
			isa = PBXTargetDependency;
			target = CD0AF78429D60D4D005C1044 /* EssentialApp */;
			targetProxy = CD0AF7A629D60D4E005C1044 /* PBXContainerItemProxy */;
		};
/* End PBXTargetDependency section */

/* Begin XCBuildConfiguration section */
		CD0AF7AD29D60D4E005C1044 /* Debug */ = {
			isa = XCBuildConfiguration;
			buildSettings = {
				ALWAYS_SEARCH_USER_PATHS = NO;
				CLANG_ANALYZER_NONNULL = YES;
				CLANG_ANALYZER_NUMBER_OBJECT_CONVERSION = YES_AGGRESSIVE;
				CLANG_CXX_LANGUAGE_STANDARD = "gnu++20";
				CLANG_ENABLE_MODULES = YES;
				CLANG_ENABLE_OBJC_ARC = YES;
				CLANG_ENABLE_OBJC_WEAK = YES;
				CLANG_WARN_BLOCK_CAPTURE_AUTORELEASING = YES;
				CLANG_WARN_BOOL_CONVERSION = YES;
				CLANG_WARN_COMMA = YES;
				CLANG_WARN_CONSTANT_CONVERSION = YES;
				CLANG_WARN_DEPRECATED_OBJC_IMPLEMENTATIONS = YES;
				CLANG_WARN_DIRECT_OBJC_ISA_USAGE = YES_ERROR;
				CLANG_WARN_DOCUMENTATION_COMMENTS = YES;
				CLANG_WARN_EMPTY_BODY = YES;
				CLANG_WARN_ENUM_CONVERSION = YES;
				CLANG_WARN_INFINITE_RECURSION = YES;
				CLANG_WARN_INT_CONVERSION = YES;
				CLANG_WARN_NON_LITERAL_NULL_CONVERSION = YES;
				CLANG_WARN_OBJC_IMPLICIT_RETAIN_SELF = YES;
				CLANG_WARN_OBJC_LITERAL_CONVERSION = YES;
				CLANG_WARN_OBJC_ROOT_CLASS = YES_ERROR;
				CLANG_WARN_QUOTED_INCLUDE_IN_FRAMEWORK_HEADER = YES;
				CLANG_WARN_RANGE_LOOP_ANALYSIS = YES;
				CLANG_WARN_STRICT_PROTOTYPES = YES;
				CLANG_WARN_SUSPICIOUS_MOVE = YES;
				CLANG_WARN_UNGUARDED_AVAILABILITY = YES_AGGRESSIVE;
				CLANG_WARN_UNREACHABLE_CODE = YES;
				CLANG_WARN__DUPLICATE_METHOD_MATCH = YES;
				COPY_PHASE_STRIP = NO;
				DEBUG_INFORMATION_FORMAT = dwarf;
				ENABLE_STRICT_OBJC_MSGSEND = YES;
				ENABLE_TESTABILITY = YES;
				GCC_C_LANGUAGE_STANDARD = gnu11;
				GCC_DYNAMIC_NO_PIC = NO;
				GCC_NO_COMMON_BLOCKS = YES;
				GCC_OPTIMIZATION_LEVEL = 0;
				GCC_PREPROCESSOR_DEFINITIONS = (
					"DEBUG=1",
					"$(inherited)",
				);
				GCC_WARN_64_TO_32_BIT_CONVERSION = YES;
				GCC_WARN_ABOUT_RETURN_TYPE = YES_ERROR;
				GCC_WARN_UNDECLARED_SELECTOR = YES;
				GCC_WARN_UNINITIALIZED_AUTOS = YES_AGGRESSIVE;
				GCC_WARN_UNUSED_FUNCTION = YES;
				GCC_WARN_UNUSED_VARIABLE = YES;
				MACOSX_DEPLOYMENT_TARGET = 13.1;
				MTL_ENABLE_DEBUG_INFO = INCLUDE_SOURCE;
				MTL_FAST_MATH = YES;
				ONLY_ACTIVE_ARCH = YES;
				SDKROOT = macosx;
				SWIFT_ACTIVE_COMPILATION_CONDITIONS = DEBUG;
				SWIFT_OPTIMIZATION_LEVEL = "-Onone";
			};
			name = Debug;
		};
		CD0AF7AE29D60D4E005C1044 /* Release */ = {
			isa = XCBuildConfiguration;
			buildSettings = {
				ALWAYS_SEARCH_USER_PATHS = NO;
				CLANG_ANALYZER_NONNULL = YES;
				CLANG_ANALYZER_NUMBER_OBJECT_CONVERSION = YES_AGGRESSIVE;
				CLANG_CXX_LANGUAGE_STANDARD = "gnu++20";
				CLANG_ENABLE_MODULES = YES;
				CLANG_ENABLE_OBJC_ARC = YES;
				CLANG_ENABLE_OBJC_WEAK = YES;
				CLANG_WARN_BLOCK_CAPTURE_AUTORELEASING = YES;
				CLANG_WARN_BOOL_CONVERSION = YES;
				CLANG_WARN_COMMA = YES;
				CLANG_WARN_CONSTANT_CONVERSION = YES;
				CLANG_WARN_DEPRECATED_OBJC_IMPLEMENTATIONS = YES;
				CLANG_WARN_DIRECT_OBJC_ISA_USAGE = YES_ERROR;
				CLANG_WARN_DOCUMENTATION_COMMENTS = YES;
				CLANG_WARN_EMPTY_BODY = YES;
				CLANG_WARN_ENUM_CONVERSION = YES;
				CLANG_WARN_INFINITE_RECURSION = YES;
				CLANG_WARN_INT_CONVERSION = YES;
				CLANG_WARN_NON_LITERAL_NULL_CONVERSION = YES;
				CLANG_WARN_OBJC_IMPLICIT_RETAIN_SELF = YES;
				CLANG_WARN_OBJC_LITERAL_CONVERSION = YES;
				CLANG_WARN_OBJC_ROOT_CLASS = YES_ERROR;
				CLANG_WARN_QUOTED_INCLUDE_IN_FRAMEWORK_HEADER = YES;
				CLANG_WARN_RANGE_LOOP_ANALYSIS = YES;
				CLANG_WARN_STRICT_PROTOTYPES = YES;
				CLANG_WARN_SUSPICIOUS_MOVE = YES;
				CLANG_WARN_UNGUARDED_AVAILABILITY = YES_AGGRESSIVE;
				CLANG_WARN_UNREACHABLE_CODE = YES;
				CLANG_WARN__DUPLICATE_METHOD_MATCH = YES;
				COPY_PHASE_STRIP = NO;
				DEBUG_INFORMATION_FORMAT = "dwarf-with-dsym";
				ENABLE_NS_ASSERTIONS = NO;
				ENABLE_STRICT_OBJC_MSGSEND = YES;
				GCC_C_LANGUAGE_STANDARD = gnu11;
				GCC_NO_COMMON_BLOCKS = YES;
				GCC_WARN_64_TO_32_BIT_CONVERSION = YES;
				GCC_WARN_ABOUT_RETURN_TYPE = YES_ERROR;
				GCC_WARN_UNDECLARED_SELECTOR = YES;
				GCC_WARN_UNINITIALIZED_AUTOS = YES_AGGRESSIVE;
				GCC_WARN_UNUSED_FUNCTION = YES;
				GCC_WARN_UNUSED_VARIABLE = YES;
				MACOSX_DEPLOYMENT_TARGET = 13.1;
				MTL_ENABLE_DEBUG_INFO = NO;
				MTL_FAST_MATH = YES;
				SDKROOT = macosx;
				SWIFT_COMPILATION_MODE = wholemodule;
				SWIFT_OPTIMIZATION_LEVEL = "-O";
			};
			name = Release;
		};
		CD0AF7B029D60D4E005C1044 /* Debug */ = {
			isa = XCBuildConfiguration;
			buildSettings = {
				ASSETCATALOG_COMPILER_APPICON_NAME = AppIcon;
				ASSETCATALOG_COMPILER_GLOBAL_ACCENT_COLOR_NAME = AccentColor;
				CODE_SIGN_ENTITLEMENTS = EssentialApp/EssentialApp.entitlements;
				CODE_SIGN_STYLE = Automatic;
				COMBINE_HIDPI_IMAGES = YES;
				CURRENT_PROJECT_VERSION = 1;
				DEVELOPMENT_ASSET_PATHS = "\"EssentialApp/Preview Content\"";
				DEVELOPMENT_TEAM = AGQ2F6R5KS;
				ENABLE_HARDENED_RUNTIME = YES;
				ENABLE_PREVIEWS = YES;
				GENERATE_INFOPLIST_FILE = YES;
				INFOPLIST_KEY_NSHumanReadableCopyright = "";
				LD_RUNPATH_SEARCH_PATHS = (
					"$(inherited)",
					"@executable_path/../Frameworks",
				);
				MARKETING_VERSION = 1.0;
				PRODUCT_BUNDLE_IDENTIFIER = com.essential.EssentialApp;
				PRODUCT_NAME = "$(TARGET_NAME)";
				SWIFT_EMIT_LOC_STRINGS = YES;
				SWIFT_VERSION = 5.0;
			};
			name = Debug;
		};
		CD0AF7B129D60D4E005C1044 /* Release */ = {
			isa = XCBuildConfiguration;
			buildSettings = {
				ASSETCATALOG_COMPILER_APPICON_NAME = AppIcon;
				ASSETCATALOG_COMPILER_GLOBAL_ACCENT_COLOR_NAME = AccentColor;
				CODE_SIGN_ENTITLEMENTS = EssentialApp/EssentialApp.entitlements;
				CODE_SIGN_STYLE = Automatic;
				COMBINE_HIDPI_IMAGES = YES;
				CURRENT_PROJECT_VERSION = 1;
				DEVELOPMENT_ASSET_PATHS = "\"EssentialApp/Preview Content\"";
				DEVELOPMENT_TEAM = AGQ2F6R5KS;
				ENABLE_HARDENED_RUNTIME = YES;
				ENABLE_PREVIEWS = YES;
				GENERATE_INFOPLIST_FILE = YES;
				INFOPLIST_KEY_NSHumanReadableCopyright = "";
				LD_RUNPATH_SEARCH_PATHS = (
					"$(inherited)",
					"@executable_path/../Frameworks",
				);
				MARKETING_VERSION = 1.0;
				PRODUCT_BUNDLE_IDENTIFIER = com.essential.EssentialApp;
				PRODUCT_NAME = "$(TARGET_NAME)";
				SWIFT_EMIT_LOC_STRINGS = YES;
				SWIFT_VERSION = 5.0;
			};
			name = Release;
		};
		CD0AF7B329D60D4E005C1044 /* Debug */ = {
			isa = XCBuildConfiguration;
			buildSettings = {
				ALWAYS_EMBED_SWIFT_STANDARD_LIBRARIES = YES;
				BUNDLE_LOADER = "$(TEST_HOST)";
				CODE_SIGN_STYLE = Automatic;
				CURRENT_PROJECT_VERSION = 1;
				DEVELOPMENT_TEAM = AGQ2F6R5KS;
				GENERATE_INFOPLIST_FILE = YES;
				MACOSX_DEPLOYMENT_TARGET = 13.1;
				MARKETING_VERSION = 1.0;
				PRODUCT_BUNDLE_IDENTIFIER = com.essential.EssentialAppTests;
				PRODUCT_NAME = "$(TARGET_NAME)";
				SWIFT_EMIT_LOC_STRINGS = NO;
				SWIFT_VERSION = 5.0;
				TEST_HOST = "$(BUILT_PRODUCTS_DIR)/EssentialApp.app/$(BUNDLE_EXECUTABLE_FOLDER_PATH)/EssentialApp";
			};
			name = Debug;
		};
		CD0AF7B429D60D4E005C1044 /* Release */ = {
			isa = XCBuildConfiguration;
			buildSettings = {
				ALWAYS_EMBED_SWIFT_STANDARD_LIBRARIES = YES;
				BUNDLE_LOADER = "$(TEST_HOST)";
				CODE_SIGN_STYLE = Automatic;
				CURRENT_PROJECT_VERSION = 1;
				DEVELOPMENT_TEAM = AGQ2F6R5KS;
				GENERATE_INFOPLIST_FILE = YES;
				MACOSX_DEPLOYMENT_TARGET = 13.1;
				MARKETING_VERSION = 1.0;
				PRODUCT_BUNDLE_IDENTIFIER = com.essential.EssentialAppTests;
				PRODUCT_NAME = "$(TARGET_NAME)";
				SWIFT_EMIT_LOC_STRINGS = NO;
				SWIFT_VERSION = 5.0;
				TEST_HOST = "$(BUILT_PRODUCTS_DIR)/EssentialApp.app/$(BUNDLE_EXECUTABLE_FOLDER_PATH)/EssentialApp";
			};
			name = Release;
		};
		CD0AF7B629D60D4E005C1044 /* Debug */ = {
			isa = XCBuildConfiguration;
			buildSettings = {
				ALWAYS_EMBED_SWIFT_STANDARD_LIBRARIES = YES;
				CODE_SIGN_STYLE = Automatic;
				CURRENT_PROJECT_VERSION = 1;
				DEVELOPMENT_TEAM = AGQ2F6R5KS;
				GENERATE_INFOPLIST_FILE = YES;
				MARKETING_VERSION = 1.0;
				PRODUCT_BUNDLE_IDENTIFIER = com.essential.EssentialAppUITests;
				PRODUCT_NAME = "$(TARGET_NAME)";
				SWIFT_EMIT_LOC_STRINGS = NO;
				SWIFT_VERSION = 5.0;
				TEST_TARGET_NAME = EssentialApp;
			};
			name = Debug;
		};
		CD0AF7B729D60D4E005C1044 /* Release */ = {
			isa = XCBuildConfiguration;
			buildSettings = {
				ALWAYS_EMBED_SWIFT_STANDARD_LIBRARIES = YES;
				CODE_SIGN_STYLE = Automatic;
				CURRENT_PROJECT_VERSION = 1;
				DEVELOPMENT_TEAM = AGQ2F6R5KS;
				GENERATE_INFOPLIST_FILE = YES;
				MARKETING_VERSION = 1.0;
				PRODUCT_BUNDLE_IDENTIFIER = com.essential.EssentialAppUITests;
				PRODUCT_NAME = "$(TARGET_NAME)";
				SWIFT_EMIT_LOC_STRINGS = NO;
				SWIFT_VERSION = 5.0;
				TEST_TARGET_NAME = EssentialApp;
			};
			name = Release;
		};
/* End XCBuildConfiguration section */

/* Begin XCConfigurationList section */
		CD0AF78029D60D4D005C1044 /* Build configuration list for PBXProject "EssentialApp" */ = {
			isa = XCConfigurationList;
			buildConfigurations = (
				CD0AF7AD29D60D4E005C1044 /* Debug */,
				CD0AF7AE29D60D4E005C1044 /* Release */,
			);
			defaultConfigurationIsVisible = 0;
			defaultConfigurationName = Release;
		};
		CD0AF7AF29D60D4E005C1044 /* Build configuration list for PBXNativeTarget "EssentialApp" */ = {
			isa = XCConfigurationList;
			buildConfigurations = (
				CD0AF7B029D60D4E005C1044 /* Debug */,
				CD0AF7B129D60D4E005C1044 /* Release */,
			);
			defaultConfigurationIsVisible = 0;
			defaultConfigurationName = Release;
		};
		CD0AF7B229D60D4E005C1044 /* Build configuration list for PBXNativeTarget "EssentialAppTests" */ = {
			isa = XCConfigurationList;
			buildConfigurations = (
				CD0AF7B329D60D4E005C1044 /* Debug */,
				CD0AF7B429D60D4E005C1044 /* Release */,
			);
			defaultConfigurationIsVisible = 0;
			defaultConfigurationName = Release;
		};
		CD0AF7B529D60D4E005C1044 /* Build configuration list for PBXNativeTarget "EssentialAppUITests" */ = {
			isa = XCConfigurationList;
			buildConfigurations = (
				CD0AF7B629D60D4E005C1044 /* Debug */,
				CD0AF7B729D60D4E005C1044 /* Release */,
			);
			defaultConfigurationIsVisible = 0;
			defaultConfigurationName = Release;
		};
/* End XCConfigurationList section */

/* Begin XCVersionGroup section */
		CD0AF79329D60D4E005C1044 /* EssentialApp.xcdatamodeld */ = {
			isa = XCVersionGroup;
			children = (
				CD0AF79429D60D4E005C1044 /* EssentialApp.xcdatamodel */,
			);
			currentVersion = CD0AF79429D60D4E005C1044 /* EssentialApp.xcdatamodel */;
			path = EssentialApp.xcdatamodeld;
			sourceTree = "<group>";
			versionGroupType = wrapper.xcdatamodel;
		};
/* End XCVersionGroup section */
	};
	rootObject = CD0AF77D29D60D4D005C1044 /* Project object */;
}
